
Microsoft Visual Studio Solution File, Format Version 12.00
# Visual Studio 15
VisualStudioVersion = 15.0.28307.421
MinimumVisualStudioVersion = 10.0.40219.1
Project("{FAE04EC0-301F-11D3-BF4B-00C04F79EFBC}") = "scand", "shanuMVCUserRoles\scand.csproj", "{26E068D5-0297-414B-978E-0F6C80D40A1F}"
EndProject
Global
	GlobalSection(SolutionConfigurationPlatforms) = preSolution
		Debug|Any CPU = Debug|Any CPU
		Release|Any CPU = Release|Any CPU
	EndGlobalSection
	GlobalSection(ProjectConfigurationPlatforms) = postSolution
		{26E068D5-0297-414B-978E-0F6C80D40A1F}.Debug|Any CPU.ActiveCfg = Debug|Any CPU
		{26E068D5-0297-414B-978E-0F6C80D40A1F}.Debug|Any CPU.Build.0 = Debug|Any CPU
		{26E068D5-0297-414B-978E-0F6C80D40A1F}.Release|Any CPU.ActiveCfg = Release|Any CPU
		{26E068D5-0297-414B-978E-0F6C80D40A1F}.Release|Any CPU.Build.0 = Release|Any CPU
	EndGlobalSection
	GlobalSection(SolutionProperties) = preSolution
		HideSolutionNode = FALSE
	EndGlobalSection
	GlobalSection(ExtensibilityGlobals) = postSolution
		SolutionGuid = {00AC8725-F1A7-4D04-8BAA-DA6B7147C2D6}
	EndGlobalSection
EndGlobal
